{
  "name": "ai_life_solution_challenge",
  "version": "1.0.0",
  "lockfileVersion": 3,
  "requires": true,
  "packages": {
    "": {
      "name": "ai_life_solution_challenge",
      "version": "1.0.0",
      "license": "ISC",
      "dependencies": {
        "pocketbase": "^0.26.3"
      }
    },
    "node_modules/pocketbase": {
      "version": "0.26.3",
      "resolved": "https://registry.npmjs.org/pocketbase/-/pocketbase-0.26.3.tgz",
      "integrity": "sha512-5deUKRoEczpxxuHzwr6/DHVmgbggxylEVig8CKN+MjvtYxPUqX/C6puU0yaR2yhTi8zrh7J9s7Ty+qBGwVzWOQ==",
      "license": "MIT"
    }
  }
}
